
Microsoft Visual Studio Solution File, Format Version 12.00
# Visual Studio 14
VisualStudioVersion = 14.0.25420.1
MinimumVisualStudioVersion = 10.0.40219.1
Project("{FAE04EC0-301F-11D3-BF4B-00C04F79EFBC}") = "Microsoft.Bot.Builder", "Library\Microsoft.Bot.Builder\Microsoft.Bot.Builder.csproj", "{CDFEC7D6-847E-4C13-956B-0A960AE3EB60}"
EndProject
Project("{2150E333-8FDC-42A3-9474-1A3956D46DE8}") = "Samples", "Samples", "{FAEFFF66-7944-48F4-972A-9A1C13A5C206}"
	ProjectSection(SolutionItems) = preProject
		Samples\README.md = Samples\README.md
	EndProjectSection
EndProject
Project("{2150E333-8FDC-42A3-9474-1A3956D46DE8}") = "Framework", "Framework", "{28BCEB2C-F4BE-416D-A4FD-A311E99A9EB5}"
	ProjectSection(SolutionItems) = preProject
		Library\createallpackages.cmd = Library\createallpackages.cmd
		Library\pushpackages.cmd = Library\pushpackages.cmd
		Library\README.md = Library\README.md
	EndProjectSection
EndProject
Project("{2150E333-8FDC-42A3-9474-1A3956D46DE8}") = "Tests", "Tests", "{8E05398E-3CBE-4DCD-9382-072DC8859427}"
EndProject
Project("{FAE04EC0-301F-11D3-BF4B-00C04F79EFBC}") = "FormTest", "Tests\FormTest\FormTest.csproj", "{77BD8C61-FB06-4BF7-A346-D2C87284390A}"
	ProjectSection(ProjectDependencies) = postProject
		{8674F271-4437-4178-B4E2-15F91B322E5D} = {8674F271-4437-4178-B4E2-15F91B322E5D}
		{DF397EFC-91DB-4911-9971-C509926FC288} = {DF397EFC-91DB-4911-9971-C509926FC288}
	EndProjectSection
EndProject
Project("{2150E333-8FDC-42A3-9474-1A3956D46DE8}") = "Documentation", "Documentation", "{8B80380D-BA94-4257-842B-D8BC185EDEA5}"
	ProjectSection(SolutionItems) = preProject
		README.md = README.md
	EndProjectSection
EndProject
Project("{FAE04EC0-301F-11D3-BF4B-00C04F79EFBC}") = "Documentation", "Documentation\Documentation.csproj", "{72C60ACB-4804-4584-AD49-00289A89F227}"
EndProject
Project("{FAE04EC0-301F-11D3-BF4B-00C04F79EFBC}") = "Microsoft.Bot.Sample.PizzaBot", "Samples\PizzaBot\Microsoft.Bot.Sample.PizzaBot.csproj", "{E8D5ED12-FA37-4756-9BE2-A459E9F29954}"
	ProjectSection(ProjectDependencies) = postProject
		{DF397EFC-91DB-4911-9971-C509926FC288} = {DF397EFC-91DB-4911-9971-C509926FC288}
	EndProjectSection
EndProject
Project("{FAE04EC0-301F-11D3-BF4B-00C04F79EFBC}") = "Microsoft.Bot.Sample.SimpleSandwichBot", "Samples\SimpleSandwichBot\Microsoft.Bot.Sample.SimpleSandwichBot.csproj", "{D51F252D-4041-4440-A3F5-DA515E50B7D3}"
	ProjectSection(ProjectDependencies) = postProject
		{2C145824-38DD-409C-AB52-B3538997726C} = {2C145824-38DD-409C-AB52-B3538997726C}
		{DF397EFC-91DB-4911-9971-C509926FC288} = {DF397EFC-91DB-4911-9971-C509926FC288}
	EndProjectSection
EndProject
Project("{FAE04EC0-301F-11D3-BF4B-00C04F79EFBC}") = "Microsoft.Bot.Builder.Tests", "Tests\Microsoft.Bot.Builder.Tests\Microsoft.Bot.Builder.Tests.csproj", "{508661A7-F47A-4D60-8ED6-69E378ED0E74}"
	ProjectSection(ProjectDependencies) = postProject
		{8674F271-4437-4178-B4E2-15F91B322E5D} = {8674F271-4437-4178-B4E2-15F91B322E5D}
		{DF397EFC-91DB-4911-9971-C509926FC288} = {DF397EFC-91DB-4911-9971-C509926FC288}
	EndProjectSection
EndProject
Project("{FAE04EC0-301F-11D3-BF4B-00C04F79EFBC}") = "Microsoft.Bot.Sample.AnnotatedSandwichBot", "Samples\AnnotatedSandwichBot\Microsoft.Bot.Sample.AnnotatedSandwichBot.csproj", "{2E4D097F-8E3D-4223-9B39-1B29EA5E5E75}"
	ProjectSection(ProjectDependencies) = postProject
		{2C145824-38DD-409C-AB52-B3538997726C} = {2C145824-38DD-409C-AB52-B3538997726C}
		{8674F271-4437-4178-B4E2-15F91B322E5D} = {8674F271-4437-4178-B4E2-15F91B322E5D}
		{DF397EFC-91DB-4911-9971-C509926FC288} = {DF397EFC-91DB-4911-9971-C509926FC288}
	EndProjectSection
EndProject
Project("{FAE04EC0-301F-11D3-BF4B-00C04F79EFBC}") = "Microsoft.Bot.Sample.SimpleAlarmBot", "Samples\SimpleAlarmBot\Microsoft.Bot.Sample.SimpleAlarmBot.csproj", "{A8BA1066-5695-4D71-ABB4-65E5A5E0C3D4}"
	ProjectSection(ProjectDependencies) = postProject
		{2C145824-38DD-409C-AB52-B3538997726C} = {2C145824-38DD-409C-AB52-B3538997726C}
		{DF397EFC-91DB-4911-9971-C509926FC288} = {DF397EFC-91DB-4911-9971-C509926FC288}
	EndProjectSection
EndProject
Project("{FAE04EC0-301F-11D3-BF4B-00C04F79EFBC}") = "Microsoft.Bot.Sample.EchoBot", "Samples\EchoBot\Microsoft.Bot.Sample.EchoBot.csproj", "{D2253234-1279-486E-8A63-D8C3424E0525}"
	ProjectSection(ProjectDependencies) = postProject
		{2C145824-38DD-409C-AB52-B3538997726C} = {2C145824-38DD-409C-AB52-B3538997726C}
		{DF397EFC-91DB-4911-9971-C509926FC288} = {DF397EFC-91DB-4911-9971-C509926FC288}
	EndProjectSection
EndProject
Project("{FAE04EC0-301F-11D3-BF4B-00C04F79EFBC}") = "Microsoft.Bot.Sample.Tests", "Tests\Microsoft.Bot.Sample.Tests\Microsoft.Bot.Sample.Tests.csproj", "{04DD63E9-0323-41B1-9949-EA6ABF005E86}"
	ProjectSection(ProjectDependencies) = postProject
		{8674F271-4437-4178-B4E2-15F91B322E5D} = {8674F271-4437-4178-B4E2-15F91B322E5D}
		{DF397EFC-91DB-4911-9971-C509926FC288} = {DF397EFC-91DB-4911-9971-C509926FC288}
	EndProjectSection
EndProject
Project("{FAE04EC0-301F-11D3-BF4B-00C04F79EFBC}") = "Microsoft.Bot.Sample.SimpleEchoBot", "Samples\SimpleEchoBot\Microsoft.Bot.Sample.SimpleEchoBot.csproj", "{9C7E3A46-B60F-4052-9A21-DC8D1A942216}"
	ProjectSection(ProjectDependencies) = postProject
		{DF397EFC-91DB-4911-9971-C509926FC288} = {DF397EFC-91DB-4911-9971-C509926FC288}
	EndProjectSection
EndProject
Project("{2150E333-8FDC-42A3-9474-1A3956D46DE8}") = "Tools", "Tools", "{797080F6-66BB-4B09-A202-1A0704E36503}"
EndProject
Project("{FAE04EC0-301F-11D3-BF4B-00C04F79EFBC}") = "RView", "Tools\RView\RView.csproj", "{12CAE029-7B8D-4928-8504-28746C36ADB3}"
EndProject
Project("{FAE04EC0-301F-11D3-BF4B-00C04F79EFBC}") = "Microsoft.Bot.Sample.SimpleFacebookAuthBot", "Samples\SimpleFacebookAuthBot\Microsoft.Bot.Sample.SimpleFacebookAuthBot.csproj", "{EA7E0647-B1FE-4813-B6FC-8DC518A4D2DF}"
	ProjectSection(ProjectDependencies) = postProject
		{DF397EFC-91DB-4911-9971-C509926FC288} = {DF397EFC-91DB-4911-9971-C509926FC288}
	EndProjectSection
EndProject
Project("{FAE04EC0-301F-11D3-BF4B-00C04F79EFBC}") = "ResXToXlf", "Tools\ResXToXlf\ResXToXlf.csproj", "{D4902CFE-78ED-4BE7-898F-32ACAD46B4AC}"
EndProject
Project("{FAE04EC0-301F-11D3-BF4B-00C04F79EFBC}") = "Microsoft.Bot.Connector", "Library\Microsoft.Bot.Connector.NetFramework\Microsoft.Bot.Connector.csproj", "{DF397EFC-91DB-4911-9971-C509926FC288}"
EndProject
Project("{FAE04EC0-301F-11D3-BF4B-00C04F79EFBC}") = "Microsoft.Bot.Builder.FormFlow.Json", "Library\Microsoft.Bot.Builder.FormFlow.Json\Microsoft.Bot.Builder.FormFlow.Json.csproj", "{8674F271-4437-4178-B4E2-15F91B322E5D}"
	ProjectSection(ProjectDependencies) = postProject
		{DF397EFC-91DB-4911-9971-C509926FC288} = {DF397EFC-91DB-4911-9971-C509926FC288}
	EndProjectSection
EndProject
Project("{FAE04EC0-301F-11D3-BF4B-00C04F79EFBC}") = "Microsoft.Bot.Builder.Calling", "Library\Microsoft.Bot.Builder.Calling\Microsoft.Bot.Builder.Calling.csproj", "{CEBD91E9-CDBD-4CC2-ADC1-8A5B626CE0CE}"
EndProject
Project("{FAE04EC0-301F-11D3-BF4B-00C04F79EFBC}") = "Microsoft.Bot.Sample.SimpleIVRBot", "Samples\SimpleIVRBot\Microsoft.Bot.Sample.SimpleIVRBot.csproj", "{C4D4530F-3194-48D5-9A94-A5C068616471}"
EndProject
Project("{FAE04EC0-301F-11D3-BF4B-00C04F79EFBC}") = "Microsoft.Bot.Sample.AlarmBot", "Samples\AlarmBot\Microsoft.Bot.Sample.AlarmBot.csproj", "{D414F82F-C102-45B1-979C-D905D278C34E}"
	ProjectSection(ProjectDependencies) = postProject
		{2C145824-38DD-409C-AB52-B3538997726C} = {2C145824-38DD-409C-AB52-B3538997726C}
	EndProjectSection
EndProject
Project("{FAE04EC0-301F-11D3-BF4B-00C04F79EFBC}") = "Microsoft.Bot.Builder.History", "Library\Microsoft.Bot.Builder.History\Microsoft.Bot.Builder.History.csproj", "{D2834D71-D7A2-451B-9A61-1488AF049526}"
EndProject
Project("{FAE04EC0-301F-11D3-BF4B-00C04F79EFBC}") = "Microsoft.Bot.Sample.SimpleDispatchDialog", "Samples\SimpleDispatchDialog\Microsoft.Bot.Sample.SimpleDispatchDialog.csproj", "{54B0706E-FE37-4387-A1C2-FD695A30CA92}"
EndProject
Project("{FAE04EC0-301F-11D3-BF4B-00C04F79EFBC}") = "Microsoft.Bot.Builder.Autofac", "Library\Microsoft.Bot.Builder.Autofac\Microsoft.Bot.Builder.Autofac.csproj", "{2C145824-38DD-409C-AB52-B3538997726C}"
EndProject
Project("{FAE04EC0-301F-11D3-BF4B-00C04F79EFBC}") = "Microsoft.Bot.Connector.NetCore", "Library\Microsoft.Bot.Connector.NetCore\Microsoft.Bot.Connector.NetCore.csproj", "{992F6A37-10D0-4676-A18E-8343A1F09FFF}"
EndProject
Project("{8BB2217D-0F2D-49D1-97BC-3654ED321F3B}") = "Microsoft.Bot.Connector.AspNetCore", "Library\Microsoft.Bot.Connector.AspNetCore\Microsoft.Bot.Connector.AspNetCore.xproj", "{2E2551AB-EA81-44FD-8D0E-89D55197AC76}"
EndProject
Project("{8BB2217D-0F2D-49D1-97BC-3654ED321F3B}") = "Microsoft.Bot.Sample.AspNetCore.EchoBot", "Samples\Microsoft.Bot.Sample.AspNetCore.Echo\Microsoft.Bot.Sample.AspNetCore.EchoBot.xproj", "{A91F876C-BC71-49A8-BD24-444F80DF62BB}"
EndProject
Project("{D954291E-2A0B-460D-934E-DC6B0785DB48}") = "Microsoft.Bot.Connector.Shared", "Library\Microsoft.Bot.Connector.Shared\Microsoft.Bot.Connector.Shared.shproj", "{133E6973-CF90-4691-8685-D42D79C8884B}"
EndProject
Project("{FAE04EC0-301F-11D3-BF4B-00C04F79EFBC}") = "Microsoft.Bot.Sample.TemplateBot", "Samples\TemplateBot\Microsoft.Bot.Sample.TemplateBot.csproj", "{BFAB8046-9ABD-44C2-8992-9F3A5D28E5C7}"
EndProject
Global
	GlobalSection(SharedMSBuildProjectFiles) = preSolution
		Library\Microsoft.Bot.Connector.Shared\Microsoft.Bot.Connector.Shared.projitems*{133e6973-cf90-4691-8685-d42d79c8884b}*SharedItemsImports = 13
		Library\Microsoft.Bot.Connector.Shared\Microsoft.Bot.Connector.Shared.projitems*{992f6a37-10d0-4676-a18e-8343a1f09fff}*SharedItemsImports = 4
		Library\Microsoft.Bot.Connector.Shared\Microsoft.Bot.Connector.Shared.projitems*{df397efc-91db-4911-9971-c509926fc288}*SharedItemsImports = 4
	EndGlobalSection
	GlobalSection(SolutionConfigurationPlatforms) = preSolution
		Debug|Any CPU = Debug|Any CPU
		Documentation|Any CPU = Documentation|Any CPU
		Release|Any CPU = Release|Any CPU
	EndGlobalSection
	GlobalSection(ProjectConfigurationPlatforms) = postSolution
		{CDFEC7D6-847E-4C13-956B-0A960AE3EB60}.Debug|Any CPU.ActiveCfg = Debug|Any CPU
		{CDFEC7D6-847E-4C13-956B-0A960AE3EB60}.Debug|Any CPU.Build.0 = Debug|Any CPU
		{CDFEC7D6-847E-4C13-956B-0A960AE3EB60}.Documentation|Any CPU.ActiveCfg = Release|Any CPU
		{CDFEC7D6-847E-4C13-956B-0A960AE3EB60}.Documentation|Any CPU.Build.0 = Release|Any CPU
		{CDFEC7D6-847E-4C13-956B-0A960AE3EB60}.Release|Any CPU.ActiveCfg = Release|Any CPU
		{CDFEC7D6-847E-4C13-956B-0A960AE3EB60}.Release|Any CPU.Build.0 = Release|Any CPU
		{77BD8C61-FB06-4BF7-A346-D2C87284390A}.Debug|Any CPU.ActiveCfg = Debug|Any CPU
		{77BD8C61-FB06-4BF7-A346-D2C87284390A}.Debug|Any CPU.Build.0 = Debug|Any CPU
		{77BD8C61-FB06-4BF7-A346-D2C87284390A}.Documentation|Any CPU.ActiveCfg = Release|Any CPU
		{77BD8C61-FB06-4BF7-A346-D2C87284390A}.Documentation|Any CPU.Build.0 = Release|Any CPU
		{77BD8C61-FB06-4BF7-A346-D2C87284390A}.Release|Any CPU.ActiveCfg = Release|Any CPU
		{72C60ACB-4804-4584-AD49-00289A89F227}.Debug|Any CPU.ActiveCfg = Documentation|Any CPU
		{72C60ACB-4804-4584-AD49-00289A89F227}.Documentation|Any CPU.ActiveCfg = Documentation|Any CPU
		{72C60ACB-4804-4584-AD49-00289A89F227}.Documentation|Any CPU.Build.0 = Documentation|Any CPU
		{72C60ACB-4804-4584-AD49-00289A89F227}.Release|Any CPU.ActiveCfg = Documentation|Any CPU
		{E8D5ED12-FA37-4756-9BE2-A459E9F29954}.Debug|Any CPU.ActiveCfg = Debug|Any CPU
		{E8D5ED12-FA37-4756-9BE2-A459E9F29954}.Debug|Any CPU.Build.0 = Debug|Any CPU
		{E8D5ED12-FA37-4756-9BE2-A459E9F29954}.Documentation|Any CPU.ActiveCfg = Release|Any CPU
		{E8D5ED12-FA37-4756-9BE2-A459E9F29954}.Documentation|Any CPU.Build.0 = Release|Any CPU
		{E8D5ED12-FA37-4756-9BE2-A459E9F29954}.Release|Any CPU.ActiveCfg = Release|Any CPU
		{D51F252D-4041-4440-A3F5-DA515E50B7D3}.Debug|Any CPU.ActiveCfg = Debug|Any CPU
		{D51F252D-4041-4440-A3F5-DA515E50B7D3}.Debug|Any CPU.Build.0 = Debug|Any CPU
		{D51F252D-4041-4440-A3F5-DA515E50B7D3}.Documentation|Any CPU.ActiveCfg = Release|Any CPU
		{D51F252D-4041-4440-A3F5-DA515E50B7D3}.Documentation|Any CPU.Build.0 = Release|Any CPU
		{D51F252D-4041-4440-A3F5-DA515E50B7D3}.Release|Any CPU.ActiveCfg = Release|Any CPU
		{508661A7-F47A-4D60-8ED6-69E378ED0E74}.Debug|Any CPU.ActiveCfg = Debug|Any CPU
		{508661A7-F47A-4D60-8ED6-69E378ED0E74}.Debug|Any CPU.Build.0 = Debug|Any CPU
		{508661A7-F47A-4D60-8ED6-69E378ED0E74}.Documentation|Any CPU.ActiveCfg = Release|Any CPU
		{508661A7-F47A-4D60-8ED6-69E378ED0E74}.Documentation|Any CPU.Build.0 = Release|Any CPU
		{508661A7-F47A-4D60-8ED6-69E378ED0E74}.Release|Any CPU.ActiveCfg = Release|Any CPU
		{2E4D097F-8E3D-4223-9B39-1B29EA5E5E75}.Debug|Any CPU.ActiveCfg = Debug|Any CPU
		{2E4D097F-8E3D-4223-9B39-1B29EA5E5E75}.Debug|Any CPU.Build.0 = Debug|Any CPU
		{2E4D097F-8E3D-4223-9B39-1B29EA5E5E75}.Documentation|Any CPU.ActiveCfg = Release|Any CPU
		{2E4D097F-8E3D-4223-9B39-1B29EA5E5E75}.Documentation|Any CPU.Build.0 = Release|Any CPU
		{2E4D097F-8E3D-4223-9B39-1B29EA5E5E75}.Release|Any CPU.ActiveCfg = Release|Any CPU
		{A8BA1066-5695-4D71-ABB4-65E5A5E0C3D4}.Debug|Any CPU.ActiveCfg = Debug|Any CPU
		{A8BA1066-5695-4D71-ABB4-65E5A5E0C3D4}.Debug|Any CPU.Build.0 = Debug|Any CPU
		{A8BA1066-5695-4D71-ABB4-65E5A5E0C3D4}.Documentation|Any CPU.ActiveCfg = Release|Any CPU
		{A8BA1066-5695-4D71-ABB4-65E5A5E0C3D4}.Documentation|Any CPU.Build.0 = Release|Any CPU
		{A8BA1066-5695-4D71-ABB4-65E5A5E0C3D4}.Release|Any CPU.ActiveCfg = Release|Any CPU
		{D2253234-1279-486E-8A63-D8C3424E0525}.Debug|Any CPU.ActiveCfg = Debug|Any CPU
		{D2253234-1279-486E-8A63-D8C3424E0525}.Debug|Any CPU.Build.0 = Debug|Any CPU
		{D2253234-1279-486E-8A63-D8C3424E0525}.Documentation|Any CPU.ActiveCfg = Release|Any CPU
		{D2253234-1279-486E-8A63-D8C3424E0525}.Documentation|Any CPU.Build.0 = Release|Any CPU
		{D2253234-1279-486E-8A63-D8C3424E0525}.Release|Any CPU.ActiveCfg = Release|Any CPU
		{04DD63E9-0323-41B1-9949-EA6ABF005E86}.Debug|Any CPU.ActiveCfg = Debug|Any CPU
		{04DD63E9-0323-41B1-9949-EA6ABF005E86}.Debug|Any CPU.Build.0 = Debug|Any CPU
		{04DD63E9-0323-41B1-9949-EA6ABF005E86}.Documentation|Any CPU.ActiveCfg = Release|Any CPU
		{04DD63E9-0323-41B1-9949-EA6ABF005E86}.Documentation|Any CPU.Build.0 = Release|Any CPU
		{04DD63E9-0323-41B1-9949-EA6ABF005E86}.Release|Any CPU.ActiveCfg = Release|Any CPU
		{9C7E3A46-B60F-4052-9A21-DC8D1A942216}.Debug|Any CPU.ActiveCfg = Debug|Any CPU
		{9C7E3A46-B60F-4052-9A21-DC8D1A942216}.Debug|Any CPU.Build.0 = Debug|Any CPU
		{9C7E3A46-B60F-4052-9A21-DC8D1A942216}.Documentation|Any CPU.ActiveCfg = Release|Any CPU
		{9C7E3A46-B60F-4052-9A21-DC8D1A942216}.Documentation|Any CPU.Build.0 = Release|Any CPU
		{9C7E3A46-B60F-4052-9A21-DC8D1A942216}.Release|Any CPU.ActiveCfg = Release|Any CPU
		{12CAE029-7B8D-4928-8504-28746C36ADB3}.Debug|Any CPU.ActiveCfg = Debug|Any CPU
		{12CAE029-7B8D-4928-8504-28746C36ADB3}.Debug|Any CPU.Build.0 = Debug|Any CPU
		{12CAE029-7B8D-4928-8504-28746C36ADB3}.Documentation|Any CPU.ActiveCfg = Release|Any CPU
		{12CAE029-7B8D-4928-8504-28746C36ADB3}.Documentation|Any CPU.Build.0 = Release|Any CPU
		{12CAE029-7B8D-4928-8504-28746C36ADB3}.Release|Any CPU.ActiveCfg = Release|Any CPU
		{12CAE029-7B8D-4928-8504-28746C36ADB3}.Release|Any CPU.Build.0 = Release|Any CPU
		{EA7E0647-B1FE-4813-B6FC-8DC518A4D2DF}.Debug|Any CPU.ActiveCfg = Debug|Any CPU
		{EA7E0647-B1FE-4813-B6FC-8DC518A4D2DF}.Debug|Any CPU.Build.0 = Debug|Any CPU
		{EA7E0647-B1FE-4813-B6FC-8DC518A4D2DF}.Documentation|Any CPU.ActiveCfg = Release|Any CPU
		{EA7E0647-B1FE-4813-B6FC-8DC518A4D2DF}.Documentation|Any CPU.Build.0 = Release|Any CPU
		{EA7E0647-B1FE-4813-B6FC-8DC518A4D2DF}.Release|Any CPU.ActiveCfg = Release|Any CPU
		{D4902CFE-78ED-4BE7-898F-32ACAD46B4AC}.Debug|Any CPU.ActiveCfg = Debug|Any CPU
		{D4902CFE-78ED-4BE7-898F-32ACAD46B4AC}.Debug|Any CPU.Build.0 = Debug|Any CPU
		{D4902CFE-78ED-4BE7-898F-32ACAD46B4AC}.Documentation|Any CPU.ActiveCfg = Release|Any CPU
		{D4902CFE-78ED-4BE7-898F-32ACAD46B4AC}.Documentation|Any CPU.Build.0 = Release|Any CPU
		{D4902CFE-78ED-4BE7-898F-32ACAD46B4AC}.Release|Any CPU.ActiveCfg = Release|Any CPU
		{D4902CFE-78ED-4BE7-898F-32ACAD46B4AC}.Release|Any CPU.Build.0 = Release|Any CPU
		{DF397EFC-91DB-4911-9971-C509926FC288}.Debug|Any CPU.ActiveCfg = Debug|Any CPU
		{DF397EFC-91DB-4911-9971-C509926FC288}.Debug|Any CPU.Build.0 = Debug|Any CPU
		{DF397EFC-91DB-4911-9971-C509926FC288}.Documentation|Any CPU.ActiveCfg = Release|Any CPU
		{DF397EFC-91DB-4911-9971-C509926FC288}.Documentation|Any CPU.Build.0 = Release|Any CPU
		{DF397EFC-91DB-4911-9971-C509926FC288}.Release|Any CPU.ActiveCfg = Release|Any CPU
		{DF397EFC-91DB-4911-9971-C509926FC288}.Release|Any CPU.Build.0 = Release|Any CPU
		{8674F271-4437-4178-B4E2-15F91B322E5D}.Debug|Any CPU.ActiveCfg = Debug|Any CPU
		{8674F271-4437-4178-B4E2-15F91B322E5D}.Debug|Any CPU.Build.0 = Debug|Any CPU
		{8674F271-4437-4178-B4E2-15F91B322E5D}.Documentation|Any CPU.ActiveCfg = Release|Any CPU
		{8674F271-4437-4178-B4E2-15F91B322E5D}.Documentation|Any CPU.Build.0 = Release|Any CPU
		{8674F271-4437-4178-B4E2-15F91B322E5D}.Release|Any CPU.ActiveCfg = Release|Any CPU
		{8674F271-4437-4178-B4E2-15F91B322E5D}.Release|Any CPU.Build.0 = Release|Any CPU
		{CEBD91E9-CDBD-4CC2-ADC1-8A5B626CE0CE}.Debug|Any CPU.ActiveCfg = Debug|Any CPU
		{CEBD91E9-CDBD-4CC2-ADC1-8A5B626CE0CE}.Debug|Any CPU.Build.0 = Debug|Any CPU
		{CEBD91E9-CDBD-4CC2-ADC1-8A5B626CE0CE}.Documentation|Any CPU.ActiveCfg = Release|Any CPU
		{CEBD91E9-CDBD-4CC2-ADC1-8A5B626CE0CE}.Documentation|Any CPU.Build.0 = Release|Any CPU
		{CEBD91E9-CDBD-4CC2-ADC1-8A5B626CE0CE}.Release|Any CPU.ActiveCfg = Release|Any CPU
		{CEBD91E9-CDBD-4CC2-ADC1-8A5B626CE0CE}.Release|Any CPU.Build.0 = Release|Any CPU
		{C4D4530F-3194-48D5-9A94-A5C068616471}.Debug|Any CPU.ActiveCfg = Debug|Any CPU
		{C4D4530F-3194-48D5-9A94-A5C068616471}.Debug|Any CPU.Build.0 = Debug|Any CPU
		{C4D4530F-3194-48D5-9A94-A5C068616471}.Documentation|Any CPU.ActiveCfg = Release|Any CPU
		{C4D4530F-3194-48D5-9A94-A5C068616471}.Documentation|Any CPU.Build.0 = Release|Any CPU
		{C4D4530F-3194-48D5-9A94-A5C068616471}.Release|Any CPU.ActiveCfg = Release|Any CPU
		{D414F82F-C102-45B1-979C-D905D278C34E}.Debug|Any CPU.ActiveCfg = Debug|Any CPU
		{D414F82F-C102-45B1-979C-D905D278C34E}.Debug|Any CPU.Build.0 = Debug|Any CPU
		{D414F82F-C102-45B1-979C-D905D278C34E}.Documentation|Any CPU.ActiveCfg = Debug|Any CPU
		{D414F82F-C102-45B1-979C-D905D278C34E}.Documentation|Any CPU.Build.0 = Debug|Any CPU
		{D414F82F-C102-45B1-979C-D905D278C34E}.Release|Any CPU.ActiveCfg = Release|Any CPU
		{D2834D71-D7A2-451B-9A61-1488AF049526}.Debug|Any CPU.ActiveCfg = Debug|Any CPU
		{D2834D71-D7A2-451B-9A61-1488AF049526}.Debug|Any CPU.Build.0 = Debug|Any CPU
		{D2834D71-D7A2-451B-9A61-1488AF049526}.Documentation|Any CPU.ActiveCfg = Debug|Any CPU
		{D2834D71-D7A2-451B-9A61-1488AF049526}.Documentation|Any CPU.Build.0 = Debug|Any CPU
		{D2834D71-D7A2-451B-9A61-1488AF049526}.Release|Any CPU.ActiveCfg = Release|Any CPU
		{D2834D71-D7A2-451B-9A61-1488AF049526}.Release|Any CPU.Build.0 = Release|Any CPU
		{54B0706E-FE37-4387-A1C2-FD695A30CA92}.Debug|Any CPU.ActiveCfg = Debug|Any CPU
		{54B0706E-FE37-4387-A1C2-FD695A30CA92}.Debug|Any CPU.Build.0 = Debug|Any CPU
		{54B0706E-FE37-4387-A1C2-FD695A30CA92}.Documentation|Any CPU.ActiveCfg = Debug|Any CPU
		{54B0706E-FE37-4387-A1C2-FD695A30CA92}.Documentation|Any CPU.Build.0 = Debug|Any CPU
		{54B0706E-FE37-4387-A1C2-FD695A30CA92}.Release|Any CPU.ActiveCfg = Release|Any CPU
		{2C145824-38DD-409C-AB52-B3538997726C}.Debug|Any CPU.ActiveCfg = Debug|Any CPU
		{2C145824-38DD-409C-AB52-B3538997726C}.Debug|Any CPU.Build.0 = Debug|Any CPU
		{2C145824-38DD-409C-AB52-B3538997726C}.Documentation|Any CPU.ActiveCfg = Debug|Any CPU
		{2C145824-38DD-409C-AB52-B3538997726C}.Documentation|Any CPU.Build.0 = Debug|Any CPU
		{2C145824-38DD-409C-AB52-B3538997726C}.Release|Any CPU.ActiveCfg = Release|Any CPU
		{2C145824-38DD-409C-AB52-B3538997726C}.Release|Any CPU.Build.0 = Release|Any CPU
		{992F6A37-10D0-4676-A18E-8343A1F09FFF}.Debug|Any CPU.ActiveCfg = Debug|Any CPU
		{992F6A37-10D0-4676-A18E-8343A1F09FFF}.Debug|Any CPU.Build.0 = Debug|Any CPU
		{992F6A37-10D0-4676-A18E-8343A1F09FFF}.Documentation|Any CPU.ActiveCfg = Debug|Any CPU
		{992F6A37-10D0-4676-A18E-8343A1F09FFF}.Documentation|Any CPU.Build.0 = Debug|Any CPU
		{992F6A37-10D0-4676-A18E-8343A1F09FFF}.Release|Any CPU.ActiveCfg = Release|Any CPU
		{992F6A37-10D0-4676-A18E-8343A1F09FFF}.Release|Any CPU.Build.0 = Release|Any CPU
		{2E2551AB-EA81-44FD-8D0E-89D55197AC76}.Debug|Any CPU.ActiveCfg = Debug|Any CPU
		{2E2551AB-EA81-44FD-8D0E-89D55197AC76}.Debug|Any CPU.Build.0 = Debug|Any CPU
		{2E2551AB-EA81-44FD-8D0E-89D55197AC76}.Documentation|Any CPU.ActiveCfg = Debug|Any CPU
		{2E2551AB-EA81-44FD-8D0E-89D55197AC76}.Documentation|Any CPU.Build.0 = Debug|Any CPU
		{2E2551AB-EA81-44FD-8D0E-89D55197AC76}.Release|Any CPU.ActiveCfg = Release|Any CPU
		{2E2551AB-EA81-44FD-8D0E-89D55197AC76}.Release|Any CPU.Build.0 = Release|Any CPU
		{A91F876C-BC71-49A8-BD24-444F80DF62BB}.Debug|Any CPU.ActiveCfg = Debug|Any CPU
		{A91F876C-BC71-49A8-BD24-444F80DF62BB}.Debug|Any CPU.Build.0 = Debug|Any CPU
		{A91F876C-BC71-49A8-BD24-444F80DF62BB}.Documentation|Any CPU.ActiveCfg = Debug|Any CPU
		{A91F876C-BC71-49A8-BD24-444F80DF62BB}.Documentation|Any CPU.Build.0 = Debug|Any CPU
		{A91F876C-BC71-49A8-BD24-444F80DF62BB}.Release|Any CPU.ActiveCfg = Release|Any CPU
		{BFAB8046-9ABD-44C2-8992-9F3A5D28E5C7}.Debug|Any CPU.ActiveCfg = Debug|Any CPU
		{BFAB8046-9ABD-44C2-8992-9F3A5D28E5C7}.Debug|Any CPU.Build.0 = Debug|Any CPU
		{BFAB8046-9ABD-44C2-8992-9F3A5D28E5C7}.Documentation|Any CPU.ActiveCfg = Debug|Any CPU
		{BFAB8046-9ABD-44C2-8992-9F3A5D28E5C7}.Documentation|Any CPU.Build.0 = Debug|Any CPU
		{BFAB8046-9ABD-44C2-8992-9F3A5D28E5C7}.Release|Any CPU.ActiveCfg = Release|Any CPU
	EndGlobalSection
	GlobalSection(SolutionProperties) = preSolution
		HideSolutionNode = FALSE
	EndGlobalSection
	GlobalSection(NestedProjects) = preSolution
		{CDFEC7D6-847E-4C13-956B-0A960AE3EB60} = {28BCEB2C-F4BE-416D-A4FD-A311E99A9EB5}
		{77BD8C61-FB06-4BF7-A346-D2C87284390A} = {8E05398E-3CBE-4DCD-9382-072DC8859427}
		{72C60ACB-4804-4584-AD49-00289A89F227} = {8B80380D-BA94-4257-842B-D8BC185EDEA5}
		{E8D5ED12-FA37-4756-9BE2-A459E9F29954} = {FAEFFF66-7944-48F4-972A-9A1C13A5C206}
		{D51F252D-4041-4440-A3F5-DA515E50B7D3} = {FAEFFF66-7944-48F4-972A-9A1C13A5C206}
		{508661A7-F47A-4D60-8ED6-69E378ED0E74} = {8E05398E-3CBE-4DCD-9382-072DC8859427}
		{2E4D097F-8E3D-4223-9B39-1B29EA5E5E75} = {FAEFFF66-7944-48F4-972A-9A1C13A5C206}
		{A8BA1066-5695-4D71-ABB4-65E5A5E0C3D4} = {FAEFFF66-7944-48F4-972A-9A1C13A5C206}
		{D2253234-1279-486E-8A63-D8C3424E0525} = {FAEFFF66-7944-48F4-972A-9A1C13A5C206}
		{04DD63E9-0323-41B1-9949-EA6ABF005E86} = {8E05398E-3CBE-4DCD-9382-072DC8859427}
		{9C7E3A46-B60F-4052-9A21-DC8D1A942216} = {FAEFFF66-7944-48F4-972A-9A1C13A5C206}
		{12CAE029-7B8D-4928-8504-28746C36ADB3} = {797080F6-66BB-4B09-A202-1A0704E36503}
		{EA7E0647-B1FE-4813-B6FC-8DC518A4D2DF} = {FAEFFF66-7944-48F4-972A-9A1C13A5C206}
		{D4902CFE-78ED-4BE7-898F-32ACAD46B4AC} = {797080F6-66BB-4B09-A202-1A0704E36503}
		{DF397EFC-91DB-4911-9971-C509926FC288} = {28BCEB2C-F4BE-416D-A4FD-A311E99A9EB5}
		{8674F271-4437-4178-B4E2-15F91B322E5D} = {28BCEB2C-F4BE-416D-A4FD-A311E99A9EB5}
		{CEBD91E9-CDBD-4CC2-ADC1-8A5B626CE0CE} = {28BCEB2C-F4BE-416D-A4FD-A311E99A9EB5}
		{C4D4530F-3194-48D5-9A94-A5C068616471} = {FAEFFF66-7944-48F4-972A-9A1C13A5C206}
		{D414F82F-C102-45B1-979C-D905D278C34E} = {FAEFFF66-7944-48F4-972A-9A1C13A5C206}
		{D2834D71-D7A2-451B-9A61-1488AF049526} = {28BCEB2C-F4BE-416D-A4FD-A311E99A9EB5}
		{54B0706E-FE37-4387-A1C2-FD695A30CA92} = {FAEFFF66-7944-48F4-972A-9A1C13A5C206}
		{2C145824-38DD-409C-AB52-B3538997726C} = {28BCEB2C-F4BE-416D-A4FD-A311E99A9EB5}
		{992F6A37-10D0-4676-A18E-8343A1F09FFF} = {28BCEB2C-F4BE-416D-A4FD-A311E99A9EB5}
		{2E2551AB-EA81-44FD-8D0E-89D55197AC76} = {28BCEB2C-F4BE-416D-A4FD-A311E99A9EB5}
		{A91F876C-BC71-49A8-BD24-444F80DF62BB} = {FAEFFF66-7944-48F4-972A-9A1C13A5C206}
		{133E6973-CF90-4691-8685-D42D79C8884B} = {28BCEB2C-F4BE-416D-A4FD-A311E99A9EB5}
		{BFAB8046-9ABD-44C2-8992-9F3A5D28E5C7} = {FAEFFF66-7944-48F4-972A-9A1C13A5C206}
	EndGlobalSection
EndGlobal
