Microsoft Visual Studio Solution File, Format Version 12.00
# Visual Studio 15
VisualStudioVersion = 15.0.27004.2010
MinimumVisualStudioVersion = 10.0.40219.1
Project("{2150E333-8FDC-42A3-9474-1A3956D46DE8}") = "Framework", "Framework", "{28BCEB2C-F4BE-416D-A4FD-A311E99A9EB5}"
	ProjectSection(SolutionItems) = preProject
		Library\createallpackages.cmd = Library\createallpackages.cmd
		Library\pushpackages.cmd = Library\pushpackages.cmd
		Library\README.md = Library\README.md
	EndProjectSection
EndProject
Project("{2150E333-8FDC-42A3-9474-1A3956D46DE8}") = "Tests", "Tests", "{8E05398E-3CBE-4DCD-9382-072DC8859427}"
EndProject
Project("{2150E333-8FDC-42A3-9474-1A3956D46DE8}") = "Documentation", "Documentation", "{8B80380D-BA94-4257-842B-D8BC185EDEA5}"
	ProjectSection(SolutionItems) = preProject
		README.md = README.md
	EndProjectSection
EndProject
Project("{2150E333-8FDC-42A3-9474-1A3956D46DE8}") = "Tools", "Tools", "{797080F6-66BB-4B09-A202-1A0704E36503}"
EndProject
Project("{FAE04EC0-301F-11D3-BF4B-00C04F79EFBC}") = "Microsoft.Bot.Builder", "Library\Microsoft.Bot.Builder\Microsoft.Bot.Builder.csproj", "{CDFEC7D6-847E-4C13-956B-0A960AE3EB60}"
EndProject
Project("{FAE04EC0-301F-11D3-BF4B-00C04F79EFBC}") = "Documentation", "Documentation\Documentation.csproj", "{72C60ACB-4804-4584-AD49-00289A89F227}"
EndProject
Project("{FAE04EC0-301F-11D3-BF4B-00C04F79EFBC}") = "Microsoft.Bot.Builder.Tests", "Tests\Microsoft.Bot.Builder.Tests\Microsoft.Bot.Builder.Tests.csproj", "{508661A7-F47A-4D60-8ED6-69E378ED0E74}"
	ProjectSection(ProjectDependencies) = postProject
		{8674F271-4437-4178-B4E2-15F91B322E5D} = {8674F271-4437-4178-B4E2-15F91B322E5D}
		{DF397EFC-91DB-4911-9971-C509926FC288} = {DF397EFC-91DB-4911-9971-C509926FC288}
	EndProjectSection
EndProject
Project("{FAE04EC0-301F-11D3-BF4B-00C04F79EFBC}") = "RView", "Tools\RView\RView.csproj", "{12CAE029-7B8D-4928-8504-28746C36ADB3}"
EndProject
Project("{FAE04EC0-301F-11D3-BF4B-00C04F79EFBC}") = "ResXToXlf", "Tools\ResXToXlf\ResXToXlf.csproj", "{D4902CFE-78ED-4BE7-898F-32ACAD46B4AC}"
EndProject
Project("{FAE04EC0-301F-11D3-BF4B-00C04F79EFBC}") = "Microsoft.Bot.Connector.NetFramework", "Library\Microsoft.Bot.Connector.NetFramework\Microsoft.Bot.Connector.NetFramework.csproj", "{DF397EFC-91DB-4911-9971-C509926FC288}"
EndProject
Project("{FAE04EC0-301F-11D3-BF4B-00C04F79EFBC}") = "Microsoft.Bot.Builder.FormFlow.Json", "Library\Microsoft.Bot.Builder.FormFlow.Json\Microsoft.Bot.Builder.FormFlow.Json.csproj", "{8674F271-4437-4178-B4E2-15F91B322E5D}"
	ProjectSection(ProjectDependencies) = postProject
		{DF397EFC-91DB-4911-9971-C509926FC288} = {DF397EFC-91DB-4911-9971-C509926FC288}
	EndProjectSection
EndProject
Project("{FAE04EC0-301F-11D3-BF4B-00C04F79EFBC}") = "Microsoft.Bot.Builder.Calling", "Library\Microsoft.Bot.Builder.Calling\Microsoft.Bot.Builder.Calling.csproj", "{CEBD91E9-CDBD-4CC2-ADC1-8A5B626CE0CE}"
EndProject
Project("{FAE04EC0-301F-11D3-BF4B-00C04F79EFBC}") = "Microsoft.Bot.Builder.History", "Library\Microsoft.Bot.Builder.History\Microsoft.Bot.Builder.History.csproj", "{D2834D71-D7A2-451B-9A61-1488AF049526}"
EndProject
Project("{FAE04EC0-301F-11D3-BF4B-00C04F79EFBC}") = "Microsoft.Bot.Builder.Autofac", "Library\Microsoft.Bot.Builder.Autofac\Microsoft.Bot.Builder.Autofac.csproj", "{2C145824-38DD-409C-AB52-B3538997726C}"
EndProject
Project("{FAE04EC0-301F-11D3-BF4B-00C04F79EFBC}") = "Microsoft.Bot.Connector.NetCore", "Library\Microsoft.Bot.Connector.NetCore\Microsoft.Bot.Connector.NetCore.csproj", "{992F6A37-10D0-4676-A18E-8343A1F09FFF}"
EndProject
Project("{9A19103F-16F7-4668-BE54-9A1E7A4F7556}") = "Microsoft.Bot.Connector.AspNetCore", "Library\Microsoft.Bot.Connector.AspNetCore\Microsoft.Bot.Connector.AspNetCore.csproj", "{2E2551AB-EA81-44FD-8D0E-89D55197AC76}"
EndProject
Project("{D954291E-2A0B-460D-934E-DC6B0785DB48}") = "Microsoft.Bot.Connector.Shared", "Library\Microsoft.Bot.Connector.Shared\Microsoft.Bot.Connector.Shared.shproj", "{133E6973-CF90-4691-8685-D42D79C8884B}"
EndProject
Project("{9A19103F-16F7-4668-BE54-9A1E7A4F7556}") = "Microsoft.Bot.Connector.AspNetCore2", "Library\Microsoft.Bot.Connector.AspNetCore2\Microsoft.Bot.Connector.AspNetCore2.csproj", "{AA997154-61D1-49FA-A4C6-E6AC79A7508A}"
EndProject
Project("{9A19103F-16F7-4668-BE54-9A1E7A4F7556}") = "Microsoft.Bot.Connector.Standard", "Library\Microsoft.Bot.Connector.Standard\Microsoft.Bot.Connector.Standard.csproj", "{32013CA6-2B38-4B59-9093-538167DF31E1}"
EndProject
Project("{FAE04EC0-301F-11D3-BF4B-00C04F79EFBC}") = "Microsoft.Bot.Connector.Falcon", "Library\Microsoft.Bot.Connector.Falcon\Microsoft.Bot.Connector.Falcon.csproj", "{09C14EF5-F94A-480F-82CA-4D934A977C7F}"
EndProject
Project("{FAE04EC0-301F-11D3-BF4B-00C04F79EFBC}") = "Microsoft.Bot.Sample.FormFlowAttachmentsBot", "Samples\Microsoft.Bot.Sample.FormFlowAttachmentsBot\Microsoft.Bot.Sample.FormFlowAttachmentsBot.csproj", "{48E4B834-49A5-48EB-BBA7-20A7CD9690D2}"
EndProject
Project("{FAE04EC0-301F-11D3-BF4B-00C04F79EFBC}") = "EchoBot", "EchoBot\EchoBot.csproj", "{BC07AED8-F885-4810-8C41-66C05D4C1EAD}"
EndProject
Project("{FAE04EC0-301F-11D3-BF4B-00C04F79EFBC}") = "FormTest", "Tests\FormTest\FormTest.csproj", "{77BD8C61-FB06-4BF7-A346-D2C87284390A}"
EndProject
Global
	GlobalSection(SharedMSBuildProjectFiles) = preSolution
		Library\Microsoft.Bot.Connector.Shared\Microsoft.Bot.Connector.Shared.projitems*{09c14ef5-f94a-480f-82ca-4d934a977c7f}*SharedItemsImports = 4
		Library\Microsoft.Bot.Connector.Shared\Microsoft.Bot.Connector.Shared.projitems*{133e6973-cf90-4691-8685-d42d79c8884b}*SharedItemsImports = 13
		Library\Microsoft.Bot.Connector.Shared\Microsoft.Bot.Connector.Shared.projitems*{992f6a37-10d0-4676-a18e-8343a1f09fff}*SharedItemsImports = 4
		Library\Microsoft.Bot.Connector.Shared\Microsoft.Bot.Connector.Shared.projitems*{df397efc-91db-4911-9971-c509926fc288}*SharedItemsImports = 4
	EndGlobalSection
	GlobalSection(SolutionConfigurationPlatforms) = preSolution
		Debug|Any CPU = Debug|Any CPU
		Documentation|Any CPU = Documentation|Any CPU
		Release|Any CPU = Release|Any CPU
	EndGlobalSection
	GlobalSection(ProjectConfigurationPlatforms) = postSolution
		{CDFEC7D6-847E-4C13-956B-0A960AE3EB60}.Debug|Any CPU.ActiveCfg = Debug|Any CPU
		{CDFEC7D6-847E-4C13-956B-0A960AE3EB60}.Debug|Any CPU.Build.0 = Debug|Any CPU
		{CDFEC7D6-847E-4C13-956B-0A960AE3EB60}.Documentation|Any CPU.ActiveCfg = Release|Any CPU
		{CDFEC7D6-847E-4C13-956B-0A960AE3EB60}.Documentation|Any CPU.Build.0 = Release|Any CPU
		{CDFEC7D6-847E-4C13-956B-0A960AE3EB60}.Release|Any CPU.ActiveCfg = Release|Any CPU
		{CDFEC7D6-847E-4C13-956B-0A960AE3EB60}.Release|Any CPU.Build.0 = Release|Any CPU
		{72C60ACB-4804-4584-AD49-00289A89F227}.Debug|Any CPU.ActiveCfg = Documentation|Any CPU
		{72C60ACB-4804-4584-AD49-00289A89F227}.Documentation|Any CPU.ActiveCfg = Documentation|Any CPU
		{72C60ACB-4804-4584-AD49-00289A89F227}.Documentation|Any CPU.Build.0 = Documentation|Any CPU
		{72C60ACB-4804-4584-AD49-00289A89F227}.Release|Any CPU.ActiveCfg = Documentation|Any CPU
		{508661A7-F47A-4D60-8ED6-69E378ED0E74}.Debug|Any CPU.ActiveCfg = Debug|Any CPU
		{508661A7-F47A-4D60-8ED6-69E378ED0E74}.Debug|Any CPU.Build.0 = Debug|Any CPU
		{508661A7-F47A-4D60-8ED6-69E378ED0E74}.Documentation|Any CPU.ActiveCfg = Release|Any CPU
		{508661A7-F47A-4D60-8ED6-69E378ED0E74}.Documentation|Any CPU.Build.0 = Release|Any CPU
		{508661A7-F47A-4D60-8ED6-69E378ED0E74}.Release|Any CPU.ActiveCfg = Release|Any CPU
		{12CAE029-7B8D-4928-8504-28746C36ADB3}.Debug|Any CPU.ActiveCfg = Debug|Any CPU
		{12CAE029-7B8D-4928-8504-28746C36ADB3}.Debug|Any CPU.Build.0 = Debug|Any CPU
		{12CAE029-7B8D-4928-8504-28746C36ADB3}.Documentation|Any CPU.ActiveCfg = Release|Any CPU
		{12CAE029-7B8D-4928-8504-28746C36ADB3}.Documentation|Any CPU.Build.0 = Release|Any CPU
		{12CAE029-7B8D-4928-8504-28746C36ADB3}.Release|Any CPU.ActiveCfg = Release|Any CPU
		{12CAE029-7B8D-4928-8504-28746C36ADB3}.Release|Any CPU.Build.0 = Release|Any CPU
		{D4902CFE-78ED-4BE7-898F-32ACAD46B4AC}.Debug|Any CPU.ActiveCfg = Debug|Any CPU
		{D4902CFE-78ED-4BE7-898F-32ACAD46B4AC}.Debug|Any CPU.Build.0 = Debug|Any CPU
		{D4902CFE-78ED-4BE7-898F-32ACAD46B4AC}.Documentation|Any CPU.ActiveCfg = Release|Any CPU
		{D4902CFE-78ED-4BE7-898F-32ACAD46B4AC}.Documentation|Any CPU.Build.0 = Release|Any CPU
		{D4902CFE-78ED-4BE7-898F-32ACAD46B4AC}.Release|Any CPU.ActiveCfg = Release|Any CPU
		{D4902CFE-78ED-4BE7-898F-32ACAD46B4AC}.Release|Any CPU.Build.0 = Release|Any CPU
		{DF397EFC-91DB-4911-9971-C509926FC288}.Debug|Any CPU.ActiveCfg = Debug|Any CPU
		{DF397EFC-91DB-4911-9971-C509926FC288}.Debug|Any CPU.Build.0 = Debug|Any CPU
		{DF397EFC-91DB-4911-9971-C509926FC288}.Documentation|Any CPU.ActiveCfg = Release|Any CPU
		{DF397EFC-91DB-4911-9971-C509926FC288}.Documentation|Any CPU.Build.0 = Release|Any CPU
		{DF397EFC-91DB-4911-9971-C509926FC288}.Release|Any CPU.ActiveCfg = Release|Any CPU
		{DF397EFC-91DB-4911-9971-C509926FC288}.Release|Any CPU.Build.0 = Release|Any CPU
		{8674F271-4437-4178-B4E2-15F91B322E5D}.Debug|Any CPU.ActiveCfg = Debug|Any CPU
		{8674F271-4437-4178-B4E2-15F91B322E5D}.Debug|Any CPU.Build.0 = Debug|Any CPU
		{8674F271-4437-4178-B4E2-15F91B322E5D}.Documentation|Any CPU.ActiveCfg = Release|Any CPU
		{8674F271-4437-4178-B4E2-15F91B322E5D}.Documentation|Any CPU.Build.0 = Release|Any CPU
		{8674F271-4437-4178-B4E2-15F91B322E5D}.Release|Any CPU.ActiveCfg = Release|Any CPU
		{8674F271-4437-4178-B4E2-15F91B322E5D}.Release|Any CPU.Build.0 = Release|Any CPU
		{CEBD91E9-CDBD-4CC2-ADC1-8A5B626CE0CE}.Debug|Any CPU.ActiveCfg = Debug|Any CPU
		{CEBD91E9-CDBD-4CC2-ADC1-8A5B626CE0CE}.Debug|Any CPU.Build.0 = Debug|Any CPU
		{CEBD91E9-CDBD-4CC2-ADC1-8A5B626CE0CE}.Documentation|Any CPU.ActiveCfg = Release|Any CPU
		{CEBD91E9-CDBD-4CC2-ADC1-8A5B626CE0CE}.Documentation|Any CPU.Build.0 = Release|Any CPU
		{CEBD91E9-CDBD-4CC2-ADC1-8A5B626CE0CE}.Release|Any CPU.ActiveCfg = Release|Any CPU
		{CEBD91E9-CDBD-4CC2-ADC1-8A5B626CE0CE}.Release|Any CPU.Build.0 = Release|Any CPU
		{D2834D71-D7A2-451B-9A61-1488AF049526}.Debug|Any CPU.ActiveCfg = Debug|Any CPU
		{D2834D71-D7A2-451B-9A61-1488AF049526}.Debug|Any CPU.Build.0 = Debug|Any CPU
		{D2834D71-D7A2-451B-9A61-1488AF049526}.Documentation|Any CPU.ActiveCfg = Debug|Any CPU
		{D2834D71-D7A2-451B-9A61-1488AF049526}.Documentation|Any CPU.Build.0 = Debug|Any CPU
		{D2834D71-D7A2-451B-9A61-1488AF049526}.Release|Any CPU.ActiveCfg = Release|Any CPU
		{D2834D71-D7A2-451B-9A61-1488AF049526}.Release|Any CPU.Build.0 = Release|Any CPU
		{2C145824-38DD-409C-AB52-B3538997726C}.Debug|Any CPU.ActiveCfg = Debug|Any CPU
		{2C145824-38DD-409C-AB52-B3538997726C}.Debug|Any CPU.Build.0 = Debug|Any CPU
		{2C145824-38DD-409C-AB52-B3538997726C}.Documentation|Any CPU.ActiveCfg = Debug|Any CPU
		{2C145824-38DD-409C-AB52-B3538997726C}.Documentation|Any CPU.Build.0 = Debug|Any CPU
		{2C145824-38DD-409C-AB52-B3538997726C}.Release|Any CPU.ActiveCfg = Release|Any CPU
		{2C145824-38DD-409C-AB52-B3538997726C}.Release|Any CPU.Build.0 = Release|Any CPU
		{992F6A37-10D0-4676-A18E-8343A1F09FFF}.Debug|Any CPU.ActiveCfg = Debug|Any CPU
		{992F6A37-10D0-4676-A18E-8343A1F09FFF}.Debug|Any CPU.Build.0 = Debug|Any CPU
		{992F6A37-10D0-4676-A18E-8343A1F09FFF}.Documentation|Any CPU.ActiveCfg = Debug|Any CPU
		{992F6A37-10D0-4676-A18E-8343A1F09FFF}.Documentation|Any CPU.Build.0 = Debug|Any CPU
		{992F6A37-10D0-4676-A18E-8343A1F09FFF}.Release|Any CPU.ActiveCfg = Release|Any CPU
		{992F6A37-10D0-4676-A18E-8343A1F09FFF}.Release|Any CPU.Build.0 = Release|Any CPU
		{2E2551AB-EA81-44FD-8D0E-89D55197AC76}.Debug|Any CPU.ActiveCfg = Debug|Any CPU
		{2E2551AB-EA81-44FD-8D0E-89D55197AC76}.Debug|Any CPU.Build.0 = Debug|Any CPU
		{2E2551AB-EA81-44FD-8D0E-89D55197AC76}.Documentation|Any CPU.ActiveCfg = Debug|Any CPU
		{2E2551AB-EA81-44FD-8D0E-89D55197AC76}.Documentation|Any CPU.Build.0 = Debug|Any CPU
		{2E2551AB-EA81-44FD-8D0E-89D55197AC76}.Release|Any CPU.ActiveCfg = Release|Any CPU
		{2E2551AB-EA81-44FD-8D0E-89D55197AC76}.Release|Any CPU.Build.0 = Release|Any CPU
		{AA997154-61D1-49FA-A4C6-E6AC79A7508A}.Debug|Any CPU.ActiveCfg = Debug|Any CPU
		{AA997154-61D1-49FA-A4C6-E6AC79A7508A}.Debug|Any CPU.Build.0 = Debug|Any CPU
		{AA997154-61D1-49FA-A4C6-E6AC79A7508A}.Documentation|Any CPU.ActiveCfg = Debug|Any CPU
		{AA997154-61D1-49FA-A4C6-E6AC79A7508A}.Documentation|Any CPU.Build.0 = Debug|Any CPU
		{AA997154-61D1-49FA-A4C6-E6AC79A7508A}.Release|Any CPU.ActiveCfg = Release|Any CPU
		{AA997154-61D1-49FA-A4C6-E6AC79A7508A}.Release|Any CPU.Build.0 = Release|Any CPU
		{32013CA6-2B38-4B59-9093-538167DF31E1}.Debug|Any CPU.ActiveCfg = Debug|Any CPU
		{32013CA6-2B38-4B59-9093-538167DF31E1}.Debug|Any CPU.Build.0 = Debug|Any CPU
		{32013CA6-2B38-4B59-9093-538167DF31E1}.Documentation|Any CPU.ActiveCfg = Debug|Any CPU
		{32013CA6-2B38-4B59-9093-538167DF31E1}.Documentation|Any CPU.Build.0 = Debug|Any CPU
		{32013CA6-2B38-4B59-9093-538167DF31E1}.Release|Any CPU.ActiveCfg = Release|Any CPU
		{32013CA6-2B38-4B59-9093-538167DF31E1}.Release|Any CPU.Build.0 = Release|Any CPU
		{09C14EF5-F94A-480F-82CA-4D934A977C7F}.Debug|Any CPU.ActiveCfg = Debug|Any CPU
		{09C14EF5-F94A-480F-82CA-4D934A977C7F}.Debug|Any CPU.Build.0 = Debug|Any CPU
		{09C14EF5-F94A-480F-82CA-4D934A977C7F}.Documentation|Any CPU.ActiveCfg = Debug|Any CPU
		{09C14EF5-F94A-480F-82CA-4D934A977C7F}.Documentation|Any CPU.Build.0 = Debug|Any CPU
		{09C14EF5-F94A-480F-82CA-4D934A977C7F}.Release|Any CPU.ActiveCfg = Release|Any CPU
		{09C14EF5-F94A-480F-82CA-4D934A977C7F}.Release|Any CPU.Build.0 = Release|Any CPU
		{48E4B834-49A5-48EB-BBA7-20A7CD9690D2}.Debug|Any CPU.ActiveCfg = Debug|Any CPU
		{48E4B834-49A5-48EB-BBA7-20A7CD9690D2}.Debug|Any CPU.Build.0 = Debug|Any CPU
		{48E4B834-49A5-48EB-BBA7-20A7CD9690D2}.Documentation|Any CPU.ActiveCfg = Debug|Any CPU
		{48E4B834-49A5-48EB-BBA7-20A7CD9690D2}.Documentation|Any CPU.Build.0 = Debug|Any CPU
		{48E4B834-49A5-48EB-BBA7-20A7CD9690D2}.Release|Any CPU.ActiveCfg = Release|Any CPU
		{48E4B834-49A5-48EB-BBA7-20A7CD9690D2}.Release|Any CPU.Build.0 = Release|Any CPU
		{BC07AED8-F885-4810-8C41-66C05D4C1EAD}.Debug|Any CPU.ActiveCfg = Debug|Any CPU
		{BC07AED8-F885-4810-8C41-66C05D4C1EAD}.Debug|Any CPU.Build.0 = Debug|Any CPU
		{BC07AED8-F885-4810-8C41-66C05D4C1EAD}.Documentation|Any CPU.ActiveCfg = Debug|Any CPU
		{BC07AED8-F885-4810-8C41-66C05D4C1EAD}.Documentation|Any CPU.Build.0 = Debug|Any CPU
		{BC07AED8-F885-4810-8C41-66C05D4C1EAD}.Release|Any CPU.ActiveCfg = Release|Any CPU
		{BC07AED8-F885-4810-8C41-66C05D4C1EAD}.Release|Any CPU.Build.0 = Release|Any CPU
		{77BD8C61-FB06-4BF7-A346-D2C87284390A}.Debug|Any CPU.ActiveCfg = Debug|Any CPU
		{77BD8C61-FB06-4BF7-A346-D2C87284390A}.Debug|Any CPU.Build.0 = Debug|Any CPU
		{77BD8C61-FB06-4BF7-A346-D2C87284390A}.Documentation|Any CPU.ActiveCfg = Debug|Any CPU
		{77BD8C61-FB06-4BF7-A346-D2C87284390A}.Documentation|Any CPU.Build.0 = Debug|Any CPU
		{77BD8C61-FB06-4BF7-A346-D2C87284390A}.Release|Any CPU.ActiveCfg = Release|Any CPU
		{77BD8C61-FB06-4BF7-A346-D2C87284390A}.Release|Any CPU.Build.0 = Release|Any CPU
	EndGlobalSection
	GlobalSection(SolutionProperties) = preSolution
		HideSolutionNode = FALSE
	EndGlobalSection
	GlobalSection(NestedProjects) = preSolution
		{CDFEC7D6-847E-4C13-956B-0A960AE3EB60} = {28BCEB2C-F4BE-416D-A4FD-A311E99A9EB5}
		{72C60ACB-4804-4584-AD49-00289A89F227} = {8B80380D-BA94-4257-842B-D8BC185EDEA5}
		{508661A7-F47A-4D60-8ED6-69E378ED0E74} = {8E05398E-3CBE-4DCD-9382-072DC8859427}
		{12CAE029-7B8D-4928-8504-28746C36ADB3} = {797080F6-66BB-4B09-A202-1A0704E36503}
		{D4902CFE-78ED-4BE7-898F-32ACAD46B4AC} = {797080F6-66BB-4B09-A202-1A0704E36503}
		{DF397EFC-91DB-4911-9971-C509926FC288} = {28BCEB2C-F4BE-416D-A4FD-A311E99A9EB5}
		{8674F271-4437-4178-B4E2-15F91B322E5D} = {28BCEB2C-F4BE-416D-A4FD-A311E99A9EB5}
		{CEBD91E9-CDBD-4CC2-ADC1-8A5B626CE0CE} = {28BCEB2C-F4BE-416D-A4FD-A311E99A9EB5}
		{D2834D71-D7A2-451B-9A61-1488AF049526} = {28BCEB2C-F4BE-416D-A4FD-A311E99A9EB5}
		{2C145824-38DD-409C-AB52-B3538997726C} = {28BCEB2C-F4BE-416D-A4FD-A311E99A9EB5}
		{992F6A37-10D0-4676-A18E-8343A1F09FFF} = {28BCEB2C-F4BE-416D-A4FD-A311E99A9EB5}
		{2E2551AB-EA81-44FD-8D0E-89D55197AC76} = {28BCEB2C-F4BE-416D-A4FD-A311E99A9EB5}
		{133E6973-CF90-4691-8685-D42D79C8884B} = {28BCEB2C-F4BE-416D-A4FD-A311E99A9EB5}
		{AA997154-61D1-49FA-A4C6-E6AC79A7508A} = {28BCEB2C-F4BE-416D-A4FD-A311E99A9EB5}
		{32013CA6-2B38-4B59-9093-538167DF31E1} = {28BCEB2C-F4BE-416D-A4FD-A311E99A9EB5}
		{09C14EF5-F94A-480F-82CA-4D934A977C7F} = {28BCEB2C-F4BE-416D-A4FD-A311E99A9EB5}
		{48E4B834-49A5-48EB-BBA7-20A7CD9690D2} = {8E05398E-3CBE-4DCD-9382-072DC8859427}
		{BC07AED8-F885-4810-8C41-66C05D4C1EAD} = {8E05398E-3CBE-4DCD-9382-072DC8859427}
		{77BD8C61-FB06-4BF7-A346-D2C87284390A} = {8E05398E-3CBE-4DCD-9382-072DC8859427}
	EndGlobalSection
	GlobalSection(ExtensibilityGlobals) = postSolution
		SolutionGuid = {F82D70DE-DC3B-4B04-97CD-3CFF66345798}
	EndGlobalSection
EndGlobal
