
Microsoft Visual Studio Solution File, Format Version 12.00
# Visual Studio 14
VisualStudioVersion = 14.0.25123.0
MinimumVisualStudioVersion = 10.0.40219.1
Project("{FAE04EC0-301F-11D3-BF4B-00C04F79EFBC}") = "Microsoft.Bot.Builder", "Library\Microsoft.Bot.Builder.csproj", "{CDFEC7D6-847E-4C13-956B-0A960AE3EB60}"
EndProject
Project("{2150E333-8FDC-42A3-9474-1A3956D46DE8}") = "Samples", "Samples", "{FAEFFF66-7944-48F4-972A-9A1C13A5C206}"
	ProjectSection(SolutionItems) = preProject
		Samples\README.md = Samples\README.md
	EndProjectSection
EndProject
Project("{2150E333-8FDC-42A3-9474-1A3956D46DE8}") = "Framework", "Framework", "{28BCEB2C-F4BE-416D-A4FD-A311E99A9EB5}"
	ProjectSection(SolutionItems) = preProject
		Library\README.md = Library\README.md
	EndProjectSection
EndProject
Project("{2150E333-8FDC-42A3-9474-1A3956D46DE8}") = "Tests", "Tests", "{8E05398E-3CBE-4DCD-9382-072DC8859427}"
EndProject
Project("{FAE04EC0-301F-11D3-BF4B-00C04F79EFBC}") = "FormTest", "Tests\FormTest\FormTest.csproj", "{77BD8C61-FB06-4BF7-A346-D2C87284390A}"
EndProject
Project("{2150E333-8FDC-42A3-9474-1A3956D46DE8}") = "Documentation", "Documentation", "{8B80380D-BA94-4257-842B-D8BC185EDEA5}"
	ProjectSection(SolutionItems) = preProject
		README.md = README.md
	EndProjectSection
EndProject
Project("{FAE04EC0-301F-11D3-BF4B-00C04F79EFBC}") = "Documentation", "Documentation\Documentation.csproj", "{72C60ACB-4804-4584-AD49-00289A89F227}"
EndProject
Project("{FAE04EC0-301F-11D3-BF4B-00C04F79EFBC}") = "Microsoft.Bot.Sample.PizzaBot", "Samples\PizzaBot\Microsoft.Bot.Sample.PizzaBot.csproj", "{E8D5ED12-FA37-4756-9BE2-A459E9F29954}"
EndProject
Project("{FAE04EC0-301F-11D3-BF4B-00C04F79EFBC}") = "Microsoft.Bot.Sample.SimpleSandwichBot", "Samples\SimpleSandwichBot\Microsoft.Bot.Sample.SimpleSandwichBot.csproj", "{D51F252D-4041-4440-A3F5-DA515E50B7D3}"
EndProject
Project("{FAE04EC0-301F-11D3-BF4B-00C04F79EFBC}") = "Microsoft.Bot.Builder.Tests", "Tests\Microsoft.Bot.Builder.Tests\Microsoft.Bot.Builder.Tests.csproj", "{508661A7-F47A-4D60-8ED6-69E378ED0E74}"
EndProject
Project("{FAE04EC0-301F-11D3-BF4B-00C04F79EFBC}") = "Microsoft.Bot.Sample.AnnotatedSandwichBot", "Samples\AnnotatedSandwichBot\Microsoft.Bot.Sample.AnnotatedSandwichBot.csproj", "{2E4D097F-8E3D-4223-9B39-1B29EA5E5E75}"
EndProject
Project("{FAE04EC0-301F-11D3-BF4B-00C04F79EFBC}") = "Microsoft.Bot.Sample.SimpleAlarmBot", "Samples\SimpleAlarmBot\Microsoft.Bot.Sample.SimpleAlarmBot.csproj", "{A8BA1066-5695-4D71-ABB4-65E5A5E0C3D4}"
EndProject
Project("{FAE04EC0-301F-11D3-BF4B-00C04F79EFBC}") = "Microsoft.Bot.Sample.EchoBot", "Samples\EchoBot\Microsoft.Bot.Sample.EchoBot.csproj", "{D2253234-1279-486E-8A63-D8C3424E0525}"
EndProject
Project("{FAE04EC0-301F-11D3-BF4B-00C04F79EFBC}") = "Microsoft.Bot.Sample.Tests", "Tests\Microsoft.Bot.Sample.Tests\Microsoft.Bot.Sample.Tests.csproj", "{04DD63E9-0323-41B1-9949-EA6ABF005E86}"
EndProject
Project("{FAE04EC0-301F-11D3-BF4B-00C04F79EFBC}") = "Microsoft.Bot.Sample.SimpleEchoBot", "Samples\SimpleEchoBot\Microsoft.Bot.Sample.SimpleEchoBot.csproj", "{9C7E3A46-B60F-4052-9A21-DC8D1A942216}"
EndProject
Project("{2150E333-8FDC-42A3-9474-1A3956D46DE8}") = "Tools", "Tools", "{797080F6-66BB-4B09-A202-1A0704E36503}"
EndProject
Project("{FAE04EC0-301F-11D3-BF4B-00C04F79EFBC}") = "RView", "Tools\RView\RView.csproj", "{12CAE029-7B8D-4928-8504-28746C36ADB3}"
EndProject
Project("{FAE04EC0-301F-11D3-BF4B-00C04F79EFBC}") = "Microsoft.Bot.Sample.SimpleFacebookAuthBot", "Samples\SimpleFacebookAuthBot\Microsoft.Bot.Sample.SimpleFacebookAuthBot.csproj", "{EA7E0647-B1FE-4813-B6FC-8DC518A4D2DF}"
EndProject
Global
	GlobalSection(SolutionConfigurationPlatforms) = preSolution
		Debug|Any CPU = Debug|Any CPU
		Documentation|Any CPU = Documentation|Any CPU
		Release|Any CPU = Release|Any CPU
	EndGlobalSection
	GlobalSection(ProjectConfigurationPlatforms) = postSolution
		{CDFEC7D6-847E-4C13-956B-0A960AE3EB60}.Debug|Any CPU.ActiveCfg = Debug|Any CPU
		{CDFEC7D6-847E-4C13-956B-0A960AE3EB60}.Debug|Any CPU.Build.0 = Debug|Any CPU
		{CDFEC7D6-847E-4C13-956B-0A960AE3EB60}.Documentation|Any CPU.ActiveCfg = Release|Any CPU
		{CDFEC7D6-847E-4C13-956B-0A960AE3EB60}.Documentation|Any CPU.Build.0 = Release|Any CPU
		{CDFEC7D6-847E-4C13-956B-0A960AE3EB60}.Release|Any CPU.ActiveCfg = Release|Any CPU
		{CDFEC7D6-847E-4C13-956B-0A960AE3EB60}.Release|Any CPU.Build.0 = Release|Any CPU
		{77BD8C61-FB06-4BF7-A346-D2C87284390A}.Debug|Any CPU.ActiveCfg = Debug|Any CPU
		{77BD8C61-FB06-4BF7-A346-D2C87284390A}.Debug|Any CPU.Build.0 = Debug|Any CPU
		{77BD8C61-FB06-4BF7-A346-D2C87284390A}.Documentation|Any CPU.ActiveCfg = Release|Any CPU
		{77BD8C61-FB06-4BF7-A346-D2C87284390A}.Documentation|Any CPU.Build.0 = Release|Any CPU
		{77BD8C61-FB06-4BF7-A346-D2C87284390A}.Release|Any CPU.ActiveCfg = Release|Any CPU
		{77BD8C61-FB06-4BF7-A346-D2C87284390A}.Release|Any CPU.Build.0 = Release|Any CPU
		{72C60ACB-4804-4584-AD49-00289A89F227}.Debug|Any CPU.ActiveCfg = Documentation|Any CPU
		{72C60ACB-4804-4584-AD49-00289A89F227}.Documentation|Any CPU.ActiveCfg = Documentation|Any CPU
		{72C60ACB-4804-4584-AD49-00289A89F227}.Documentation|Any CPU.Build.0 = Documentation|Any CPU
		{72C60ACB-4804-4584-AD49-00289A89F227}.Release|Any CPU.ActiveCfg = Documentation|Any CPU
		{E8D5ED12-FA37-4756-9BE2-A459E9F29954}.Debug|Any CPU.ActiveCfg = Debug|Any CPU
		{E8D5ED12-FA37-4756-9BE2-A459E9F29954}.Debug|Any CPU.Build.0 = Debug|Any CPU
		{E8D5ED12-FA37-4756-9BE2-A459E9F29954}.Documentation|Any CPU.ActiveCfg = Release|Any CPU
		{E8D5ED12-FA37-4756-9BE2-A459E9F29954}.Documentation|Any CPU.Build.0 = Release|Any CPU
		{E8D5ED12-FA37-4756-9BE2-A459E9F29954}.Release|Any CPU.ActiveCfg = Release|Any CPU
		{E8D5ED12-FA37-4756-9BE2-A459E9F29954}.Release|Any CPU.Build.0 = Release|Any CPU
		{D51F252D-4041-4440-A3F5-DA515E50B7D3}.Debug|Any CPU.ActiveCfg = Debug|Any CPU
		{D51F252D-4041-4440-A3F5-DA515E50B7D3}.Debug|Any CPU.Build.0 = Debug|Any CPU
		{D51F252D-4041-4440-A3F5-DA515E50B7D3}.Documentation|Any CPU.ActiveCfg = Release|Any CPU
		{D51F252D-4041-4440-A3F5-DA515E50B7D3}.Documentation|Any CPU.Build.0 = Release|Any CPU
		{D51F252D-4041-4440-A3F5-DA515E50B7D3}.Release|Any CPU.ActiveCfg = Release|Any CPU
		{D51F252D-4041-4440-A3F5-DA515E50B7D3}.Release|Any CPU.Build.0 = Release|Any CPU
		{508661A7-F47A-4D60-8ED6-69E378ED0E74}.Debug|Any CPU.ActiveCfg = Debug|Any CPU
		{508661A7-F47A-4D60-8ED6-69E378ED0E74}.Debug|Any CPU.Build.0 = Debug|Any CPU
		{508661A7-F47A-4D60-8ED6-69E378ED0E74}.Documentation|Any CPU.ActiveCfg = Release|Any CPU
		{508661A7-F47A-4D60-8ED6-69E378ED0E74}.Documentation|Any CPU.Build.0 = Release|Any CPU
		{508661A7-F47A-4D60-8ED6-69E378ED0E74}.Release|Any CPU.ActiveCfg = Release|Any CPU
		{508661A7-F47A-4D60-8ED6-69E378ED0E74}.Release|Any CPU.Build.0 = Release|Any CPU
		{2E4D097F-8E3D-4223-9B39-1B29EA5E5E75}.Debug|Any CPU.ActiveCfg = Debug|Any CPU
		{2E4D097F-8E3D-4223-9B39-1B29EA5E5E75}.Debug|Any CPU.Build.0 = Debug|Any CPU
		{2E4D097F-8E3D-4223-9B39-1B29EA5E5E75}.Documentation|Any CPU.ActiveCfg = Debug|Any CPU
		{2E4D097F-8E3D-4223-9B39-1B29EA5E5E75}.Documentation|Any CPU.Build.0 = Debug|Any CPU
		{2E4D097F-8E3D-4223-9B39-1B29EA5E5E75}.Release|Any CPU.ActiveCfg = Release|Any CPU
		{2E4D097F-8E3D-4223-9B39-1B29EA5E5E75}.Release|Any CPU.Build.0 = Release|Any CPU
		{A8BA1066-5695-4D71-ABB4-65E5A5E0C3D4}.Debug|Any CPU.ActiveCfg = Debug|Any CPU
		{A8BA1066-5695-4D71-ABB4-65E5A5E0C3D4}.Debug|Any CPU.Build.0 = Debug|Any CPU
		{A8BA1066-5695-4D71-ABB4-65E5A5E0C3D4}.Documentation|Any CPU.ActiveCfg = Debug|Any CPU
		{A8BA1066-5695-4D71-ABB4-65E5A5E0C3D4}.Documentation|Any CPU.Build.0 = Debug|Any CPU
		{A8BA1066-5695-4D71-ABB4-65E5A5E0C3D4}.Release|Any CPU.ActiveCfg = Release|Any CPU
		{A8BA1066-5695-4D71-ABB4-65E5A5E0C3D4}.Release|Any CPU.Build.0 = Release|Any CPU
		{D2253234-1279-486E-8A63-D8C3424E0525}.Debug|Any CPU.ActiveCfg = Debug|Any CPU
		{D2253234-1279-486E-8A63-D8C3424E0525}.Debug|Any CPU.Build.0 = Debug|Any CPU
		{D2253234-1279-486E-8A63-D8C3424E0525}.Documentation|Any CPU.ActiveCfg = Debug|Any CPU
		{D2253234-1279-486E-8A63-D8C3424E0525}.Documentation|Any CPU.Build.0 = Debug|Any CPU
		{D2253234-1279-486E-8A63-D8C3424E0525}.Release|Any CPU.ActiveCfg = Release|Any CPU
		{D2253234-1279-486E-8A63-D8C3424E0525}.Release|Any CPU.Build.0 = Release|Any CPU
		{04DD63E9-0323-41B1-9949-EA6ABF005E86}.Debug|Any CPU.ActiveCfg = Debug|Any CPU
		{04DD63E9-0323-41B1-9949-EA6ABF005E86}.Debug|Any CPU.Build.0 = Debug|Any CPU
		{04DD63E9-0323-41B1-9949-EA6ABF005E86}.Documentation|Any CPU.ActiveCfg = Debug|Any CPU
		{04DD63E9-0323-41B1-9949-EA6ABF005E86}.Documentation|Any CPU.Build.0 = Debug|Any CPU
		{04DD63E9-0323-41B1-9949-EA6ABF005E86}.Release|Any CPU.ActiveCfg = Release|Any CPU
		{04DD63E9-0323-41B1-9949-EA6ABF005E86}.Release|Any CPU.Build.0 = Release|Any CPU
		{9C7E3A46-B60F-4052-9A21-DC8D1A942216}.Debug|Any CPU.ActiveCfg = Debug|Any CPU
		{9C7E3A46-B60F-4052-9A21-DC8D1A942216}.Debug|Any CPU.Build.0 = Debug|Any CPU
		{9C7E3A46-B60F-4052-9A21-DC8D1A942216}.Documentation|Any CPU.ActiveCfg = Debug|Any CPU
		{9C7E3A46-B60F-4052-9A21-DC8D1A942216}.Documentation|Any CPU.Build.0 = Debug|Any CPU
		{9C7E3A46-B60F-4052-9A21-DC8D1A942216}.Release|Any CPU.ActiveCfg = Release|Any CPU
		{9C7E3A46-B60F-4052-9A21-DC8D1A942216}.Release|Any CPU.Build.0 = Release|Any CPU
		{12CAE029-7B8D-4928-8504-28746C36ADB3}.Debug|Any CPU.ActiveCfg = Debug|Any CPU
		{12CAE029-7B8D-4928-8504-28746C36ADB3}.Debug|Any CPU.Build.0 = Debug|Any CPU
		{12CAE029-7B8D-4928-8504-28746C36ADB3}.Documentation|Any CPU.ActiveCfg = Debug|Any CPU
		{12CAE029-7B8D-4928-8504-28746C36ADB3}.Documentation|Any CPU.Build.0 = Debug|Any CPU
		{12CAE029-7B8D-4928-8504-28746C36ADB3}.Release|Any CPU.ActiveCfg = Release|Any CPU
		{12CAE029-7B8D-4928-8504-28746C36ADB3}.Release|Any CPU.Build.0 = Release|Any CPU
		{EA7E0647-B1FE-4813-B6FC-8DC518A4D2DF}.Debug|Any CPU.ActiveCfg = Debug|Any CPU
		{EA7E0647-B1FE-4813-B6FC-8DC518A4D2DF}.Debug|Any CPU.Build.0 = Debug|Any CPU
		{EA7E0647-B1FE-4813-B6FC-8DC518A4D2DF}.Documentation|Any CPU.ActiveCfg = Debug|Any CPU
		{EA7E0647-B1FE-4813-B6FC-8DC518A4D2DF}.Documentation|Any CPU.Build.0 = Debug|Any CPU
		{EA7E0647-B1FE-4813-B6FC-8DC518A4D2DF}.Release|Any CPU.ActiveCfg = Release|Any CPU
		{EA7E0647-B1FE-4813-B6FC-8DC518A4D2DF}.Release|Any CPU.Build.0 = Release|Any CPU
	EndGlobalSection
	GlobalSection(SolutionProperties) = preSolution
		HideSolutionNode = FALSE
	EndGlobalSection
	GlobalSection(NestedProjects) = preSolution
		{CDFEC7D6-847E-4C13-956B-0A960AE3EB60} = {28BCEB2C-F4BE-416D-A4FD-A311E99A9EB5}
		{77BD8C61-FB06-4BF7-A346-D2C87284390A} = {8E05398E-3CBE-4DCD-9382-072DC8859427}
		{72C60ACB-4804-4584-AD49-00289A89F227} = {8B80380D-BA94-4257-842B-D8BC185EDEA5}
		{E8D5ED12-FA37-4756-9BE2-A459E9F29954} = {FAEFFF66-7944-48F4-972A-9A1C13A5C206}
		{D51F252D-4041-4440-A3F5-DA515E50B7D3} = {FAEFFF66-7944-48F4-972A-9A1C13A5C206}
		{508661A7-F47A-4D60-8ED6-69E378ED0E74} = {8E05398E-3CBE-4DCD-9382-072DC8859427}
		{2E4D097F-8E3D-4223-9B39-1B29EA5E5E75} = {FAEFFF66-7944-48F4-972A-9A1C13A5C206}
		{A8BA1066-5695-4D71-ABB4-65E5A5E0C3D4} = {FAEFFF66-7944-48F4-972A-9A1C13A5C206}
		{D2253234-1279-486E-8A63-D8C3424E0525} = {FAEFFF66-7944-48F4-972A-9A1C13A5C206}
		{04DD63E9-0323-41B1-9949-EA6ABF005E86} = {8E05398E-3CBE-4DCD-9382-072DC8859427}
		{9C7E3A46-B60F-4052-9A21-DC8D1A942216} = {FAEFFF66-7944-48F4-972A-9A1C13A5C206}
		{12CAE029-7B8D-4928-8504-28746C36ADB3} = {797080F6-66BB-4B09-A202-1A0704E36503}
		{EA7E0647-B1FE-4813-B6FC-8DC518A4D2DF} = {FAEFFF66-7944-48F4-972A-9A1C13A5C206}
	EndGlobalSection
EndGlobal
