
Microsoft Visual Studio Solution File, Format Version 12.00
# Visual Studio 14
VisualStudioVersion = 14.0.24720.0
MinimumVisualStudioVersion = 10.0.40219.1
Project("{9092AA53-FB77-4645-B42D-1CCCA6BD08BD}") = "ConnectorBot_JS", "ConnectorBot_JS.njsproj", "{6924A92E-367B-4143-B19D-AB83B5B759F7}"
EndProject
Global
	GlobalSection(SolutionConfigurationPlatforms) = preSolution
		Debug|Any CPU = Debug|Any CPU
		Release|Any CPU = Release|Any CPU
	EndGlobalSection
	GlobalSection(ProjectConfigurationPlatforms) = postSolution
		{6924A92E-367B-4143-B19D-AB83B5B759F7}.Debug|Any CPU.ActiveCfg = Debug|Any CPU
		{6924A92E-367B-4143-B19D-AB83B5B759F7}.Debug|Any CPU.Build.0 = Debug|Any CPU
		{6924A92E-367B-4143-B19D-AB83B5B759F7}.Release|Any CPU.ActiveCfg = Release|Any CPU
		{6924A92E-367B-4143-B19D-AB83B5B759F7}.Release|Any CPU.Build.0 = Release|Any CPU
	EndGlobalSection
	GlobalSection(SolutionProperties) = preSolution
		HideSolutionNode = FALSE
	EndGlobalSection
EndGlobal
